// !$*UTF8*$!
{
	archiveVersion = 1;
	classes = {
	};
	objectVersion = 56;
	objects = {

/* Begin PBXBuildFile section */
		DCE634BB2A390A1A0094B03D /* PlayerPosition.cpp in Sources */ = {isa = PBXBuildFile; fileRef = DCE634AB2A390A1A0094B03D /* PlayerPosition.cpp */; };
		DCE634BC2A390A1A0094B03D /* GameModel.cpp in Sources */ = {isa = PBXBuildFile; fileRef = DCE634AC2A390A1A0094B03D /* GameModel.cpp */; };
		DCE634BD2A390A1A0094B03D /* ToString.cpp in Sources */ = {isa = PBXBuildFile; fileRef = DCE634AD2A390A1A0094B03D /* ToString.cpp */; };
		DCE634C62A390A1A0094B03D /* PositionTracker.cpp in Sources */ = {isa = PBXBuildFile; fileRef = DCE634B62A390A1A0094B03D /* PositionTracker.cpp */; };
		DCE634C72A390A1A0094B03D /* GamePosition.cpp in Sources */ = {isa = PBXBuildFile; fileRef = DCE634B72A390A1A0094B03D /* GamePosition.cpp */; };
		DCE634C92A390A1A0094B03D /* PositionEvaluator.cpp in Sources */ = {isa = PBXBuildFile; fileRef = DCE634B92A390A1A0094B03D /* PositionEvaluator.cpp */; };
		DCE634CE2A390A480094B03D /* QueahEngine.cpp in Sources */ = {isa = PBXBuildFile; fileRef = DCE634CC2A390A480094B03D /* QueahEngine.cpp */; };
		DCE634DF2A390A910094B03D /* GameNode.cpp in Sources */ = {isa = PBXBuildFile; fileRef = DCE634DA2A390A910094B03D /* GameNode.cpp */; };
		DCE634E02A390A910094B03D /* main.cpp in Sources */ = {isa = PBXBuildFile; fileRef = DCE634DB2A390A910094B03D /* main.cpp */; };
		DCE634E12A390A910094B03D /* Solve.cpp in Sources */ = {isa = PBXBuildFile; fileRef = DCE634DC2A390A910094B03D /* Solve.cpp */; };
		DCE634EF2A390BED0094B03D /* main.c in Sources */ = {isa = PBXBuildFile; fileRef = DCE634ED2A390ACA0094B03D /* main.c */; };
		DCE634F12A390C040094B03D /* libQueahEngine-MacOS.a in Frameworks */ = {isa = PBXBuildFile; fileRef = DCE634982A39092B0094B03D /* libQueahEngine-MacOS.a */; };
		DCE634F42A390C320094B03D /* queah.dat in CopyFiles */ = {isa = PBXBuildFile; fileRef = DCE634AA2A3909D40094B03D /* queah.dat */; };
		DCE634F52A390CF40094B03D /* libQueahEngine-MacOS.a in Frameworks */ = {isa = PBXBuildFile; fileRef = DCE634982A39092B0094B03D /* libQueahEngine-MacOS.a */; };
		DCEEE99F2A393F4600291AD8 /* QueahApp.swift in Sources */ = {isa = PBXBuildFile; fileRef = DCEEE99E2A393F4600291AD8 /* QueahApp.swift */; };
		DCEEE9A32A393F4600291AD8 /* Assets.xcassets in Resources */ = {isa = PBXBuildFile; fileRef = DCEEE9A22A393F4600291AD8 /* Assets.xcassets */; };
		DCEEE9B52A3A274500291AD8 /* GameScene.swift in Sources */ = {isa = PBXBuildFile; fileRef = DCEEE9AE2A3A274500291AD8 /* GameScene.swift */; };
		DCEEE9B62A3A274500291AD8 /* BoardLocation.swift in Sources */ = {isa = PBXBuildFile; fileRef = DCEEE9AF2A3A274500291AD8 /* BoardLocation.swift */; };
		DCEEE9B72A3A274500291AD8 /* GamePiece.swift in Sources */ = {isa = PBXBuildFile; fileRef = DCEEE9B02A3A274500291AD8 /* GamePiece.swift */; };
		DCEEE9B82A3A274500291AD8 /* GameBoard.swift in Sources */ = {isa = PBXBuildFile; fileRef = DCEEE9B12A3A274500291AD8 /* GameBoard.swift */; };
		DCEEE9B92A3A274500291AD8 /* QueahEngine.swift in Sources */ = {isa = PBXBuildFile; fileRef = DCEEE9B22A3A274500291AD8 /* QueahEngine.swift */; };
		DCEEE9BA2A3A274500291AD8 /* BoardSpace.swift in Sources */ = {isa = PBXBuildFile; fileRef = DCEEE9B32A3A274500291AD8 /* BoardSpace.swift */; };
		DCEEE9BD2A3A28AB00291AD8 /* libQueahEngine-MacOS.a in Frameworks */ = {isa = PBXBuildFile; fileRef = DCE634982A39092B0094B03D /* libQueahEngine-MacOS.a */; platformFilters = (macos, ); };
		DCEEE9C02A3A292200291AD8 /* queah.dat in Resources */ = {isa = PBXBuildFile; fileRef = DCE634AA2A3909D40094B03D /* queah.dat */; };
		DCEEE9CE2A3A298E00291AD8 /* GameModel.cpp in Sources */ = {isa = PBXBuildFile; fileRef = DCE634AC2A390A1A0094B03D /* GameModel.cpp */; };
		DCEEE9CF2A3A298E00291AD8 /* QueahEngine.cpp in Sources */ = {isa = PBXBuildFile; fileRef = DCE634CC2A390A480094B03D /* QueahEngine.cpp */; };
		DCEEE9D02A3A298E00291AD8 /* GamePosition.cpp in Sources */ = {isa = PBXBuildFile; fileRef = DCE634B72A390A1A0094B03D /* GamePosition.cpp */; };
		DCEEE9D12A3A298E00291AD8 /* PositionTracker.cpp in Sources */ = {isa = PBXBuildFile; fileRef = DCE634B62A390A1A0094B03D /* PositionTracker.cpp */; };
		DCEEE9D22A3A298F00291AD8 /* ToString.cpp in Sources */ = {isa = PBXBuildFile; fileRef = DCE634AD2A390A1A0094B03D /* ToString.cpp */; };
		DCEEE9D32A3A298F00291AD8 /* PlayerPosition.cpp in Sources */ = {isa = PBXBuildFile; fileRef = DCE634AB2A390A1A0094B03D /* PlayerPosition.cpp */; };
		DCEEE9D42A3A298F00291AD8 /* PositionEvaluator.cpp in Sources */ = {isa = PBXBuildFile; fileRef = DCE634B92A390A1A0094B03D /* PositionEvaluator.cpp */; };
		DCEEE9D52A3A29B300291AD8 /* libQueahEngine-iOS.a in Frameworks */ = {isa = PBXBuildFile; fileRef = DCEEE9C52A3A297800291AD8 /* libQueahEngine-iOS.a */; platformFilter = ios; };
		DCF609C72A3A933800C28BAE /* QueahModel.swift in Sources */ = {isa = PBXBuildFile; fileRef = DCF609C62A3A933800C28BAE /* QueahModel.swift */; };
		DCF609CB2A3B472200C28BAE /* GameView.swift in Sources */ = {isa = PBXBuildFile; fileRef = DCF609CA2A3B472100C28BAE /* GameView.swift */; };
		DCF609CD2A3B472E00C28BAE /* RulesView.swift in Sources */ = {isa = PBXBuildFile; fileRef = DCF609CC2A3B472E00C28BAE /* RulesView.swift */; };
		DCF609CF2A3B474600C28BAE /* MenuView.swift in Sources */ = {isa = PBXBuildFile; fileRef = DCF609CE2A3B474600C28BAE /* MenuView.swift */; };
		DCF609D42A3B503800C28BAE /* rules.rtf in Resources */ = {isa = PBXBuildFile; fileRef = DCF609D32A3B501C00C28BAE /* rules.rtf */; };
/* End PBXBuildFile section */

/* Begin PBXContainerItemProxy section */
		DCE634F22A390C040094B03D /* PBXContainerItemProxy */ = {
			isa = PBXContainerItemProxy;
			containerPortal = DCE634902A39092B0094B03D /* Project object */;
			proxyType = 1;
			remoteGlobalIDString = DCE634972A39092B0094B03D;
			remoteInfo = "QueahEngine-MacOS";
		};
		DCE634F62A390CF40094B03D /* PBXContainerItemProxy */ = {
			isa = PBXContainerItemProxy;
			containerPortal = DCE634902A39092B0094B03D /* Project object */;
			proxyType = 1;
			remoteGlobalIDString = DCE634972A39092B0094B03D;
			remoteInfo = "QueahEngine-MacOS";
		};
		DCEEE9BE2A3A28AB00291AD8 /* PBXContainerItemProxy */ = {
			isa = PBXContainerItemProxy;
			containerPortal = DCE634902A39092B0094B03D /* Project object */;
			proxyType = 1;
			remoteGlobalIDString = DCE634972A39092B0094B03D;
			remoteInfo = "QueahEngine-MacOS";
		};
		DCEEE9D62A3A29B300291AD8 /* PBXContainerItemProxy */ = {
			isa = PBXContainerItemProxy;
			containerPortal = DCE634902A39092B0094B03D /* Project object */;
			proxyType = 1;
			remoteGlobalIDString = DCEEE9C42A3A297800291AD8;
			remoteInfo = "QueahEngine-iOS";
		};
/* End PBXContainerItemProxy section */

/* Begin PBXCopyFilesBuildPhase section */
		DCE634D12A390A6C0094B03D /* CopyFiles */ = {
			isa = PBXCopyFilesBuildPhase;
			buildActionMask = 2147483647;
			dstPath = /usr/share/man/man1/;
			dstSubfolderSpec = 0;
			files = (
			);
			runOnlyForDeploymentPostprocessing = 1;
		};
		DCE634E42A390AB20094B03D /* CopyFiles */ = {
			isa = PBXCopyFilesBuildPhase;
			buildActionMask = 12;
			dstPath = "";
			dstSubfolderSpec = 16;
			files = (
				DCE634F42A390C320094B03D /* queah.dat in CopyFiles */,
			);
			runOnlyForDeploymentPostprocessing = 0;
		};
		DCEEE9C32A3A297800291AD8 /* CopyFiles */ = {
			isa = PBXCopyFilesBuildPhase;
			buildActionMask = 2147483647;
			dstPath = "include/$(PRODUCT_NAME)";
			dstSubfolderSpec = 16;
			files = (
			);
			runOnlyForDeploymentPostprocessing = 0;
		};
/* End PBXCopyFilesBuildPhase section */

/* Begin PBXFileReference section */
		DCE634982A39092B0094B03D /* libQueahEngine-MacOS.a */ = {isa = PBXFileReference; explicitFileType = archive.ar; includeInIndex = 0; path = "libQueahEngine-MacOS.a"; sourceTree = BUILT_PRODUCTS_DIR; };
		DCE634AA2A3909D40094B03D /* queah.dat */ = {isa = PBXFileReference; lastKnownFileType = file; path = queah.dat; sourceTree = "<group>"; };
		DCE634AB2A390A1A0094B03D /* PlayerPosition.cpp */ = {isa = PBXFileReference; fileEncoding = 4; lastKnownFileType = sourcecode.cpp.cpp; path = PlayerPosition.cpp; sourceTree = "<group>"; };
		DCE634AC2A390A1A0094B03D /* GameModel.cpp */ = {isa = PBXFileReference; fileEncoding = 4; lastKnownFileType = sourcecode.cpp.cpp; path = GameModel.cpp; sourceTree = "<group>"; };
		DCE634AD2A390A1A0094B03D /* ToString.cpp */ = {isa = PBXFileReference; fileEncoding = 4; lastKnownFileType = sourcecode.cpp.cpp; path = ToString.cpp; sourceTree = "<group>"; };
		DCE634AE2A390A1A0094B03D /* PositionTracker.h */ = {isa = PBXFileReference; fileEncoding = 4; lastKnownFileType = sourcecode.c.h; path = PositionTracker.h; sourceTree = "<group>"; };
		DCE634AF2A390A1A0094B03D /* PlayerPosition.h */ = {isa = PBXFileReference; fileEncoding = 4; lastKnownFileType = sourcecode.c.h; path = PlayerPosition.h; sourceTree = "<group>"; };
		DCE634B12A390A1A0094B03D /* GamePosition.h */ = {isa = PBXFileReference; fileEncoding = 4; lastKnownFileType = sourcecode.c.h; path = GamePosition.h; sourceTree = "<group>"; };
		DCE634B22A390A1A0094B03D /* Board.h */ = {isa = PBXFileReference; fileEncoding = 4; lastKnownFileType = sourcecode.c.h; path = Board.h; sourceTree = "<group>"; };
		DCE634B42A390A1A0094B03D /* ToString.h */ = {isa = PBXFileReference; fileEncoding = 4; lastKnownFileType = sourcecode.c.h; path = ToString.h; sourceTree = "<group>"; };
		DCE634B62A390A1A0094B03D /* PositionTracker.cpp */ = {isa = PBXFileReference; fileEncoding = 4; lastKnownFileType = sourcecode.cpp.cpp; path = PositionTracker.cpp; sourceTree = "<group>"; };
		DCE634B72A390A1A0094B03D /* GamePosition.cpp */ = {isa = PBXFileReference; fileEncoding = 4; lastKnownFileType = sourcecode.cpp.cpp; path = GamePosition.cpp; sourceTree = "<group>"; };
		DCE634B82A390A1A0094B03D /* GameModel.h */ = {isa = PBXFileReference; fileEncoding = 4; lastKnownFileType = sourcecode.c.h; path = GameModel.h; sourceTree = "<group>"; };
		DCE634B92A390A1A0094B03D /* PositionEvaluator.cpp */ = {isa = PBXFileReference; fileEncoding = 4; lastKnownFileType = sourcecode.cpp.cpp; path = PositionEvaluator.cpp; sourceTree = "<group>"; };
		DCE634BA2A390A1A0094B03D /* PositionEvaluator.h */ = {isa = PBXFileReference; fileEncoding = 4; lastKnownFileType = sourcecode.c.h; path = PositionEvaluator.h; sourceTree = "<group>"; };
		DCE634CB2A390A480094B03D /* QueahEngine.h */ = {isa = PBXFileReference; fileEncoding = 4; lastKnownFileType = sourcecode.c.h; path = QueahEngine.h; sourceTree = "<group>"; };
		DCE634CC2A390A480094B03D /* QueahEngine.cpp */ = {isa = PBXFileReference; fileEncoding = 4; lastKnownFileType = sourcecode.cpp.cpp; path = QueahEngine.cpp; sourceTree = "<group>"; };
		DCE634D32A390A6C0094B03D /* QueahSolver */ = {isa = PBXFileReference; explicitFileType = "compiled.mach-o.executable"; includeInIndex = 0; path = QueahSolver; sourceTree = BUILT_PRODUCTS_DIR; };
		DCE634DA2A390A910094B03D /* GameNode.cpp */ = {isa = PBXFileReference; fileEncoding = 4; lastKnownFileType = sourcecode.cpp.cpp; path = GameNode.cpp; sourceTree = "<group>"; };
		DCE634DB2A390A910094B03D /* main.cpp */ = {isa = PBXFileReference; fileEncoding = 4; lastKnownFileType = sourcecode.cpp.cpp; path = main.cpp; sourceTree = "<group>"; };
		DCE634DC2A390A910094B03D /* Solve.cpp */ = {isa = PBXFileReference; fileEncoding = 4; lastKnownFileType = sourcecode.cpp.cpp; path = Solve.cpp; sourceTree = "<group>"; };
		DCE634DD2A390A910094B03D /* GameNode.h */ = {isa = PBXFileReference; fileEncoding = 4; lastKnownFileType = sourcecode.c.h; path = GameNode.h; sourceTree = "<group>"; };
		DCE634DE2A390A910094B03D /* Solve.h */ = {isa = PBXFileReference; fileEncoding = 4; lastKnownFileType = sourcecode.c.h; path = Solve.h; sourceTree = "<group>"; };
		DCE634E62A390AB20094B03D /* QueahSelfPlay */ = {isa = PBXFileReference; explicitFileType = "compiled.mach-o.executable"; includeInIndex = 0; path = QueahSelfPlay; sourceTree = BUILT_PRODUCTS_DIR; };
		DCE634ED2A390ACA0094B03D /* main.c */ = {isa = PBXFileReference; fileEncoding = 4; lastKnownFileType = sourcecode.c.c; path = main.c; sourceTree = "<group>"; };
		DCE634F82A390F6C0094B03D /* BinaryIo.h */ = {isa = PBXFileReference; lastKnownFileType = sourcecode.c.h; path = BinaryIo.h; sourceTree = "<group>"; };
		DCEEE99C2A393F4600291AD8 /* Queah.app */ = {isa = PBXFileReference; explicitFileType = wrapper.application; includeInIndex = 0; path = Queah.app; sourceTree = BUILT_PRODUCTS_DIR; };
		DCEEE99E2A393F4600291AD8 /* QueahApp.swift */ = {isa = PBXFileReference; lastKnownFileType = sourcecode.swift; path = QueahApp.swift; sourceTree = "<group>"; };
		DCEEE9A22A393F4600291AD8 /* Assets.xcassets */ = {isa = PBXFileReference; lastKnownFileType = folder.assetcatalog; path = Assets.xcassets; sourceTree = "<group>"; };
		DCEEE9A42A393F4600291AD8 /* Queah.entitlements */ = {isa = PBXFileReference; lastKnownFileType = text.plist.entitlements; path = Queah.entitlements; sourceTree = "<group>"; };
		DCEEE9AC2A39473900291AD8 /* artwork.afdesign */ = {isa = PBXFileReference; lastKnownFileType = file; path = artwork.afdesign; sourceTree = "<group>"; };
		DCEEE9AE2A3A274500291AD8 /* GameScene.swift */ = {isa = PBXFileReference; fileEncoding = 4; lastKnownFileType = sourcecode.swift; path = GameScene.swift; sourceTree = "<group>"; };
		DCEEE9AF2A3A274500291AD8 /* BoardLocation.swift */ = {isa = PBXFileReference; fileEncoding = 4; lastKnownFileType = sourcecode.swift; path = BoardLocation.swift; sourceTree = "<group>"; };
		DCEEE9B02A3A274500291AD8 /* GamePiece.swift */ = {isa = PBXFileReference; fileEncoding = 4; lastKnownFileType = sourcecode.swift; path = GamePiece.swift; sourceTree = "<group>"; };
		DCEEE9B12A3A274500291AD8 /* GameBoard.swift */ = {isa = PBXFileReference; fileEncoding = 4; lastKnownFileType = sourcecode.swift; path = GameBoard.swift; sourceTree = "<group>"; };
		DCEEE9B22A3A274500291AD8 /* QueahEngine.swift */ = {isa = PBXFileReference; fileEncoding = 4; lastKnownFileType = sourcecode.swift; path = QueahEngine.swift; sourceTree = "<group>"; };
		DCEEE9B32A3A274500291AD8 /* BoardSpace.swift */ = {isa = PBXFileReference; fileEncoding = 4; lastKnownFileType = sourcecode.swift; path = BoardSpace.swift; sourceTree = "<group>"; };
		DCEEE9BC2A3A278E00291AD8 /* module.modulemap */ = {isa = PBXFileReference; lastKnownFileType = "sourcecode.module-map"; path = module.modulemap; sourceTree = "<group>"; };
		DCEEE9C52A3A297800291AD8 /* libQueahEngine-iOS.a */ = {isa = PBXFileReference; explicitFileType = archive.ar; includeInIndex = 0; path = "libQueahEngine-iOS.a"; sourceTree = BUILT_PRODUCTS_DIR; };
		DCF609C62A3A933800C28BAE /* QueahModel.swift */ = {isa = PBXFileReference; lastKnownFileType = sourcecode.swift; path = QueahModel.swift; sourceTree = "<group>"; };
		DCF609CA2A3B472100C28BAE /* GameView.swift */ = {isa = PBXFileReference; lastKnownFileType = sourcecode.swift; path = GameView.swift; sourceTree = "<group>"; };
		DCF609CC2A3B472E00C28BAE /* RulesView.swift */ = {isa = PBXFileReference; lastKnownFileType = sourcecode.swift; path = RulesView.swift; sourceTree = "<group>"; };
		DCF609CE2A3B474600C28BAE /* MenuView.swift */ = {isa = PBXFileReference; lastKnownFileType = sourcecode.swift; path = MenuView.swift; sourceTree = "<group>"; };
		DCF609D32A3B501C00C28BAE /* rules.rtf */ = {isa = PBXFileReference; lastKnownFileType = text.rtf; path = rules.rtf; sourceTree = "<group>"; };
/* End PBXFileReference section */

/* Begin PBXFrameworksBuildPhase section */
		DCE634962A39092B0094B03D /* Frameworks */ = {
			isa = PBXFrameworksBuildPhase;
			buildActionMask = 2147483647;
			files = (
			);
			runOnlyForDeploymentPostprocessing = 0;
		};
		DCE634D02A390A6C0094B03D /* Frameworks */ = {
			isa = PBXFrameworksBuildPhase;
			buildActionMask = 2147483647;
			files = (
				DCE634F52A390CF40094B03D /* libQueahEngine-MacOS.a in Frameworks */,
			);
			runOnlyForDeploymentPostprocessing = 0;
		};
		DCE634E32A390AB20094B03D /* Frameworks */ = {
			isa = PBXFrameworksBuildPhase;
			buildActionMask = 2147483647;
			files = (
				DCE634F12A390C040094B03D /* libQueahEngine-MacOS.a in Frameworks */,
			);
			runOnlyForDeploymentPostprocessing = 0;
		};
		DCEEE9992A393F4600291AD8 /* Frameworks */ = {
			isa = PBXFrameworksBuildPhase;
			buildActionMask = 2147483647;
			files = (
				DCEEE9D52A3A29B300291AD8 /* libQueahEngine-iOS.a in Frameworks */,
				DCEEE9BD2A3A28AB00291AD8 /* libQueahEngine-MacOS.a in Frameworks */,
			);
			runOnlyForDeploymentPostprocessing = 0;
		};
		DCEEE9C22A3A297800291AD8 /* Frameworks */ = {
			isa = PBXFrameworksBuildPhase;
			buildActionMask = 2147483647;
			files = (
			);
			runOnlyForDeploymentPostprocessing = 0;
		};
/* End PBXFrameworksBuildPhase section */

/* Begin PBXGroup section */
		DCE6348F2A39092B0094B03D = {
			isa = PBXGroup;
			children = (
				DCE634F02A390C040094B03D /* Frameworks */,
				DCE634992A39092B0094B03D /* Products */,
				DCEEE99D2A393F4600291AD8 /* QueahApp */,
				DCE6349A2A39092B0094B03D /* QueahEngine */,
			);
			sourceTree = "<group>";
		};
		DCE634992A39092B0094B03D /* Products */ = {
			isa = PBXGroup;
			children = (
				DCE634982A39092B0094B03D /* libQueahEngine-MacOS.a */,
				DCE634D32A390A6C0094B03D /* QueahSolver */,
				DCE634E62A390AB20094B03D /* QueahSelfPlay */,
				DCEEE99C2A393F4600291AD8 /* Queah.app */,
				DCEEE9C52A3A297800291AD8 /* libQueahEngine-iOS.a */,
			);
			name = Products;
			sourceTree = "<group>";
		};
		DCE6349A2A39092B0094B03D /* QueahEngine */ = {
			isa = PBXGroup;
			children = (
				DCE634A82A3909510094B03D /* Data */,
				DCE634A62A3909450094B03D /* Engine */,
				DCE634A92A3909580094B03D /* Sample */,
				DCE634A72A39094B0094B03D /* Solver */,
			);
			indentWidth = 3;
			path = QueahEngine;
			sourceTree = "<group>";
			tabWidth = 3;
		};
		DCE634A62A3909450094B03D /* Engine */ = {
			isa = PBXGroup;
			children = (
				DCE634F82A390F6C0094B03D /* BinaryIo.h */,
				DCE634B22A390A1A0094B03D /* Board.h */,
				DCE634AC2A390A1A0094B03D /* GameModel.cpp */,
				DCE634B82A390A1A0094B03D /* GameModel.h */,
				DCE634B72A390A1A0094B03D /* GamePosition.cpp */,
				DCE634B12A390A1A0094B03D /* GamePosition.h */,
				DCE634AB2A390A1A0094B03D /* PlayerPosition.cpp */,
				DCE634AF2A390A1A0094B03D /* PlayerPosition.h */,
				DCE634B92A390A1A0094B03D /* PositionEvaluator.cpp */,
				DCE634BA2A390A1A0094B03D /* PositionEvaluator.h */,
				DCE634B62A390A1A0094B03D /* PositionTracker.cpp */,
				DCE634AE2A390A1A0094B03D /* PositionTracker.h */,
				DCE634CC2A390A480094B03D /* QueahEngine.cpp */,
				DCE634CB2A390A480094B03D /* QueahEngine.h */,
				DCE634AD2A390A1A0094B03D /* ToString.cpp */,
				DCE634B42A390A1A0094B03D /* ToString.h */,
			);
			path = Engine;
			sourceTree = "<group>";
		};
		DCE634A72A39094B0094B03D /* Solver */ = {
			isa = PBXGroup;
			children = (
				DCE634DA2A390A910094B03D /* GameNode.cpp */,
				DCE634DD2A390A910094B03D /* GameNode.h */,
				DCE634DB2A390A910094B03D /* main.cpp */,
				DCE634DC2A390A910094B03D /* Solve.cpp */,
				DCE634DE2A390A910094B03D /* Solve.h */,
			);
			path = Solver;
			sourceTree = "<group>";
		};
		DCE634A82A3909510094B03D /* Data */ = {
			isa = PBXGroup;
			children = (
				DCE634AA2A3909D40094B03D /* queah.dat */,
			);
			path = Data;
			sourceTree = "<group>";
		};
		DCE634A92A3909580094B03D /* Sample */ = {
			isa = PBXGroup;
			children = (
				DCE634ED2A390ACA0094B03D /* main.c */,
			);
			path = Sample;
			sourceTree = "<group>";
		};
		DCE634F02A390C040094B03D /* Frameworks */ = {
			isa = PBXGroup;
			children = (
			);
			name = Frameworks;
			sourceTree = "<group>";
		};
		DCEEE99D2A393F4600291AD8 /* QueahApp */ = {
			isa = PBXGroup;
			children = (
				DCEEE9AC2A39473900291AD8 /* artwork.afdesign */,
				DCEEE9A42A393F4600291AD8 /* Queah.entitlements */,
				DCEEE9BC2A3A278E00291AD8 /* module.modulemap */,
				DCEEE9A22A393F4600291AD8 /* Assets.xcassets */,
				DCF609C82A3B403700C28BAE /* Model */,
				DCF609D02A3B4C7700C28BAE /* Resources */,
				DCEEE9AD2A3A271200291AD8 /* Scene */,
				DCEEE9AB2A3940AA00291AD8 /* View */,
			);
			path = QueahApp;
			sourceTree = "<group>";
		};
		DCEEE9AB2A3940AA00291AD8 /* View */ = {
			isa = PBXGroup;
			children = (
				DCF609CA2A3B472100C28BAE /* GameView.swift */,
				DCF609CE2A3B474600C28BAE /* MenuView.swift */,
				DCEEE99E2A393F4600291AD8 /* QueahApp.swift */,
				DCF609CC2A3B472E00C28BAE /* RulesView.swift */,
			);
			path = View;
			sourceTree = "<group>";
		};
		DCEEE9AD2A3A271200291AD8 /* Scene */ = {
			isa = PBXGroup;
			children = (
				DCEEE9AF2A3A274500291AD8 /* BoardLocation.swift */,
				DCEEE9B32A3A274500291AD8 /* BoardSpace.swift */,
				DCEEE9B12A3A274500291AD8 /* GameBoard.swift */,
				DCEEE9B02A3A274500291AD8 /* GamePiece.swift */,
				DCEEE9AE2A3A274500291AD8 /* GameScene.swift */,
			);
			path = Scene;
			sourceTree = "<group>";
		};
		DCF609C82A3B403700C28BAE /* Model */ = {
			isa = PBXGroup;
			children = (
				DCEEE9B22A3A274500291AD8 /* QueahEngine.swift */,
				DCF609C62A3A933800C28BAE /* QueahModel.swift */,
			);
			path = Model;
			sourceTree = "<group>";
		};
		DCF609D02A3B4C7700C28BAE /* Resources */ = {
			isa = PBXGroup;
			children = (
				DCF609D32A3B501C00C28BAE /* rules.rtf */,
			);
			path = Resources;
			sourceTree = "<group>";
		};
/* End PBXGroup section */

/* Begin PBXHeadersBuildPhase section */
		DCE634942A39092B0094B03D /* Headers */ = {
			isa = PBXHeadersBuildPhase;
			buildActionMask = 2147483647;
			files = (
			);
			runOnlyForDeploymentPostprocessing = 0;
		};
/* End PBXHeadersBuildPhase section */

/* Begin PBXNativeTarget section */
		DCE634972A39092B0094B03D /* QueahEngine-MacOS */ = {
			isa = PBXNativeTarget;
			buildConfigurationList = DCE634A32A39092B0094B03D /* Build configuration list for PBXNativeTarget "QueahEngine-MacOS" */;
			buildPhases = (
				DCE634942A39092B0094B03D /* Headers */,
				DCE634952A39092B0094B03D /* Sources */,
				DCE634962A39092B0094B03D /* Frameworks */,
			);
			buildRules = (
			);
			dependencies = (
			);
			name = "QueahEngine-MacOS";
			productName = Queah;
			productReference = DCE634982A39092B0094B03D /* libQueahEngine-MacOS.a */;
			productType = "com.apple.product-type.library.static";
		};
		DCE634D22A390A6C0094B03D /* QueahSolver */ = {
			isa = PBXNativeTarget;
			buildConfigurationList = DCE634D72A390A6C0094B03D /* Build configuration list for PBXNativeTarget "QueahSolver" */;
			buildPhases = (
				DCE634CF2A390A6C0094B03D /* Sources */,
				DCE634D02A390A6C0094B03D /* Frameworks */,
				DCE634D12A390A6C0094B03D /* CopyFiles */,
			);
			buildRules = (
			);
			dependencies = (
				DCE634F72A390CF40094B03D /* PBXTargetDependency */,
			);
			name = QueahSolver;
			productName = QueahSolver;
			productReference = DCE634D32A390A6C0094B03D /* QueahSolver */;
			productType = "com.apple.product-type.tool";
		};
		DCE634E52A390AB20094B03D /* QueahSelfPlay */ = {
			isa = PBXNativeTarget;
			buildConfigurationList = DCE634EA2A390AB20094B03D /* Build configuration list for PBXNativeTarget "QueahSelfPlay" */;
			buildPhases = (
				DCE634E22A390AB20094B03D /* Sources */,
				DCE634E32A390AB20094B03D /* Frameworks */,
				DCE634E42A390AB20094B03D /* CopyFiles */,
			);
			buildRules = (
			);
			dependencies = (
				DCE634F32A390C040094B03D /* PBXTargetDependency */,
			);
			name = QueahSelfPlay;
			productName = QueahSelfPlay;
			productReference = DCE634E62A390AB20094B03D /* QueahSelfPlay */;
			productType = "com.apple.product-type.tool";
		};
		DCEEE99B2A393F4600291AD8 /* Queah */ = {
			isa = PBXNativeTarget;
			buildConfigurationList = DCEEE9AA2A393F4600291AD8 /* Build configuration list for PBXNativeTarget "Queah" */;
			buildPhases = (
				DCEEE9982A393F4600291AD8 /* Sources */,
				DCEEE9992A393F4600291AD8 /* Frameworks */,
				DCEEE99A2A393F4600291AD8 /* Resources */,
			);
			buildRules = (
			);
			dependencies = (
				DCEEE9BF2A3A28AB00291AD8 /* PBXTargetDependency */,
				DCEEE9D72A3A29B300291AD8 /* PBXTargetDependency */,
			);
			name = Queah;
			productName = Queah;
			productReference = DCEEE99C2A393F4600291AD8 /* Queah.app */;
			productType = "com.apple.product-type.application";
		};
		DCEEE9C42A3A297800291AD8 /* QueahEngine-iOS */ = {
			isa = PBXNativeTarget;
			buildConfigurationList = DCEEE9CB2A3A297800291AD8 /* Build configuration list for PBXNativeTarget "QueahEngine-iOS" */;
			buildPhases = (
				DCEEE9C12A3A297800291AD8 /* Sources */,
				DCEEE9C22A3A297800291AD8 /* Frameworks */,
				DCEEE9C32A3A297800291AD8 /* CopyFiles */,
			);
			buildRules = (
			);
			dependencies = (
			);
			name = "QueahEngine-iOS";
			productName = "QueahEngine-iOS";
			productReference = DCEEE9C52A3A297800291AD8 /* libQueahEngine-iOS.a */;
			productType = "com.apple.product-type.library.static";
		};
/* End PBXNativeTarget section */

/* Begin PBXProject section */
		DCE634902A39092B0094B03D /* Project object */ = {
			isa = PBXProject;
			attributes = {
				BuildIndependentTargetsInParallel = 1;
				LastSwiftUpdateCheck = 1430;
				LastUpgradeCheck = 1430;
				TargetAttributes = {
					DCE634972A39092B0094B03D = {
						CreatedOnToolsVersion = 14.3.1;
					};
					DCE634D22A390A6C0094B03D = {
						CreatedOnToolsVersion = 14.3.1;
					};
					DCE634E52A390AB20094B03D = {
						CreatedOnToolsVersion = 14.3.1;
					};
					DCEEE99B2A393F4600291AD8 = {
						CreatedOnToolsVersion = 14.3.1;
					};
					DCEEE9C42A3A297800291AD8 = {
						CreatedOnToolsVersion = 14.3.1;
					};
				};
			};
			buildConfigurationList = DCE634932A39092B0094B03D /* Build configuration list for PBXProject "Queah" */;
			compatibilityVersion = "Xcode 14.0";
			developmentRegion = en;
			hasScannedForEncodings = 0;
			knownRegions = (
				en,
				Base,
			);
			mainGroup = DCE6348F2A39092B0094B03D;
			productRefGroup = DCE634992A39092B0094B03D /* Products */;
			projectDirPath = "";
			projectRoot = "";
			targets = (
				DCEEE99B2A393F4600291AD8 /* Queah */,
				DCEEE9C42A3A297800291AD8 /* QueahEngine-iOS */,
				DCE634972A39092B0094B03D /* QueahEngine-MacOS */,
				DCE634E52A390AB20094B03D /* QueahSelfPlay */,
				DCE634D22A390A6C0094B03D /* QueahSolver */,
			);
		};
/* End PBXProject section */

/* Begin PBXResourcesBuildPhase section */
		DCEEE99A2A393F4600291AD8 /* Resources */ = {
			isa = PBXResourcesBuildPhase;
			buildActionMask = 2147483647;
			files = (
				DCF609D42A3B503800C28BAE /* rules.rtf in Resources */,
				DCEEE9C02A3A292200291AD8 /* queah.dat in Resources */,
				DCEEE9A32A393F4600291AD8 /* Assets.xcassets in Resources */,
			);
			runOnlyForDeploymentPostprocessing = 0;
		};
/* End PBXResourcesBuildPhase section */

/* Begin PBXSourcesBuildPhase section */
		DCE634952A39092B0094B03D /* Sources */ = {
			isa = PBXSourcesBuildPhase;
			buildActionMask = 2147483647;
			files = (
				DCE634BB2A390A1A0094B03D /* PlayerPosition.cpp in Sources */,
				DCE634CE2A390A480094B03D /* QueahEngine.cpp in Sources */,
				DCE634C62A390A1A0094B03D /* PositionTracker.cpp in Sources */,
				DCE634C72A390A1A0094B03D /* GamePosition.cpp in Sources */,
				DCE634BD2A390A1A0094B03D /* ToString.cpp in Sources */,
				DCE634C92A390A1A0094B03D /* PositionEvaluator.cpp in Sources */,
				DCE634BC2A390A1A0094B03D /* GameModel.cpp in Sources */,
			);
			runOnlyForDeploymentPostprocessing = 0;
		};
		DCE634CF2A390A6C0094B03D /* Sources */ = {
			isa = PBXSourcesBuildPhase;
			buildActionMask = 2147483647;
			files = (
				DCE634E02A390A910094B03D /* main.cpp in Sources */,
				DCE634DF2A390A910094B03D /* GameNode.cpp in Sources */,
				DCE634E12A390A910094B03D /* Solve.cpp in Sources */,
			);
			runOnlyForDeploymentPostprocessing = 0;
		};
		DCE634E22A390AB20094B03D /* Sources */ = {
			isa = PBXSourcesBuildPhase;
			buildActionMask = 2147483647;
			files = (
				DCE634EF2A390BED0094B03D /* main.c in Sources */,
			);
			runOnlyForDeploymentPostprocessing = 0;
		};
		DCEEE9982A393F4600291AD8 /* Sources */ = {
			isa = PBXSourcesBuildPhase;
			buildActionMask = 2147483647;
			files = (
				DCF609CF2A3B474600C28BAE /* MenuView.swift in Sources */,
				DCEEE9B52A3A274500291AD8 /* GameScene.swift in Sources */,
				DCEEE9B92A3A274500291AD8 /* QueahEngine.swift in Sources */,
				DCEEE9B72A3A274500291AD8 /* GamePiece.swift in Sources */,
				DCF609CB2A3B472200C28BAE /* GameView.swift in Sources */,
				DCF609CD2A3B472E00C28BAE /* RulesView.swift in Sources */,
				DCEEE99F2A393F4600291AD8 /* QueahApp.swift in Sources */,
				DCEEE9B82A3A274500291AD8 /* GameBoard.swift in Sources */,
				DCEEE9B62A3A274500291AD8 /* BoardLocation.swift in Sources */,
				DCEEE9BA2A3A274500291AD8 /* BoardSpace.swift in Sources */,
				DCF609C72A3A933800C28BAE /* QueahModel.swift in Sources */,
			);
			runOnlyForDeploymentPostprocessing = 0;
		};
		DCEEE9C12A3A297800291AD8 /* Sources */ = {
			isa = PBXSourcesBuildPhase;
			buildActionMask = 2147483647;
			files = (
				DCEEE9D22A3A298F00291AD8 /* ToString.cpp in Sources */,
				DCEEE9D32A3A298F00291AD8 /* PlayerPosition.cpp in Sources */,
				DCEEE9CF2A3A298E00291AD8 /* QueahEngine.cpp in Sources */,
				DCEEE9D12A3A298E00291AD8 /* PositionTracker.cpp in Sources */,
				DCEEE9CE2A3A298E00291AD8 /* GameModel.cpp in Sources */,
				DCEEE9D42A3A298F00291AD8 /* PositionEvaluator.cpp in Sources */,
				DCEEE9D02A3A298E00291AD8 /* GamePosition.cpp in Sources */,
			);
			runOnlyForDeploymentPostprocessing = 0;
		};
/* End PBXSourcesBuildPhase section */

/* Begin PBXTargetDependency section */
		DCE634F32A390C040094B03D /* PBXTargetDependency */ = {
			isa = PBXTargetDependency;
			target = DCE634972A39092B0094B03D /* QueahEngine-MacOS */;
			targetProxy = DCE634F22A390C040094B03D /* PBXContainerItemProxy */;
		};
		DCE634F72A390CF40094B03D /* PBXTargetDependency */ = {
			isa = PBXTargetDependency;
			target = DCE634972A39092B0094B03D /* QueahEngine-MacOS */;
			targetProxy = DCE634F62A390CF40094B03D /* PBXContainerItemProxy */;
		};
		DCEEE9BF2A3A28AB00291AD8 /* PBXTargetDependency */ = {
			isa = PBXTargetDependency;
			platformFilters = (
				macos,
			);
			target = DCE634972A39092B0094B03D /* QueahEngine-MacOS */;
			targetProxy = DCEEE9BE2A3A28AB00291AD8 /* PBXContainerItemProxy */;
		};
		DCEEE9D72A3A29B300291AD8 /* PBXTargetDependency */ = {
			isa = PBXTargetDependency;
			platformFilter = ios;
			target = DCEEE9C42A3A297800291AD8 /* QueahEngine-iOS */;
			targetProxy = DCEEE9D62A3A29B300291AD8 /* PBXContainerItemProxy */;
		};
/* End PBXTargetDependency section */

/* Begin XCBuildConfiguration section */
		DCE634A12A39092B0094B03D /* Debug */ = {
			isa = XCBuildConfiguration;
			buildSettings = {
				ALWAYS_SEARCH_USER_PATHS = NO;
				CLANG_ANALYZER_NONNULL = YES;
				CLANG_ANALYZER_NUMBER_OBJECT_CONVERSION = YES_AGGRESSIVE;
				CLANG_CXX_LANGUAGE_STANDARD = "gnu++20";
				CLANG_ENABLE_MODULES = YES;
				CLANG_ENABLE_OBJC_ARC = YES;
				CLANG_ENABLE_OBJC_WEAK = YES;
				CLANG_WARN_BLOCK_CAPTURE_AUTORELEASING = YES;
				CLANG_WARN_BOOL_CONVERSION = YES;
				CLANG_WARN_COMMA = YES;
				CLANG_WARN_CONSTANT_CONVERSION = YES;
				CLANG_WARN_DEPRECATED_OBJC_IMPLEMENTATIONS = YES;
				CLANG_WARN_DIRECT_OBJC_ISA_USAGE = YES_ERROR;
				CLANG_WARN_DOCUMENTATION_COMMENTS = YES;
				CLANG_WARN_EMPTY_BODY = YES;
				CLANG_WARN_ENUM_CONVERSION = YES;
				CLANG_WARN_INFINITE_RECURSION = YES;
				CLANG_WARN_INT_CONVERSION = YES;
				CLANG_WARN_NON_LITERAL_NULL_CONVERSION = YES;
				CLANG_WARN_OBJC_IMPLICIT_RETAIN_SELF = YES;
				CLANG_WARN_OBJC_LITERAL_CONVERSION = YES;
				CLANG_WARN_OBJC_ROOT_CLASS = YES_ERROR;
				CLANG_WARN_QUOTED_INCLUDE_IN_FRAMEWORK_HEADER = YES;
				CLANG_WARN_RANGE_LOOP_ANALYSIS = YES;
				CLANG_WARN_STRICT_PROTOTYPES = YES;
				CLANG_WARN_SUSPICIOUS_MOVE = YES;
				CLANG_WARN_UNGUARDED_AVAILABILITY = YES_AGGRESSIVE;
				CLANG_WARN_UNREACHABLE_CODE = YES;
				CLANG_WARN__DUPLICATE_METHOD_MATCH = YES;
				COPY_PHASE_STRIP = NO;
				DEBUG_INFORMATION_FORMAT = dwarf;
				ENABLE_STRICT_OBJC_MSGSEND = YES;
				ENABLE_TESTABILITY = YES;
				GCC_C_LANGUAGE_STANDARD = gnu11;
				GCC_DYNAMIC_NO_PIC = NO;
				GCC_NO_COMMON_BLOCKS = YES;
				GCC_OPTIMIZATION_LEVEL = 0;
				GCC_PREPROCESSOR_DEFINITIONS = (
					"DEBUG=1",
					"$(inherited)",
				);
				GCC_WARN_64_TO_32_BIT_CONVERSION = YES;
				GCC_WARN_ABOUT_RETURN_TYPE = YES_ERROR;
				GCC_WARN_UNDECLARED_SELECTOR = YES;
				GCC_WARN_UNINITIALIZED_AUTOS = YES_AGGRESSIVE;
				GCC_WARN_UNUSED_FUNCTION = YES;
				GCC_WARN_UNUSED_VARIABLE = YES;
				MACOSX_DEPLOYMENT_TARGET = 13.3;
				MTL_ENABLE_DEBUG_INFO = INCLUDE_SOURCE;
				MTL_FAST_MATH = YES;
				ONLY_ACTIVE_ARCH = YES;
				OTHER_LDFLAGS = "-lc++";
				SDKROOT = macosx;
			};
			name = Debug;
		};
		DCE634A22A39092B0094B03D /* Release */ = {
			isa = XCBuildConfiguration;
			buildSettings = {
				ALWAYS_SEARCH_USER_PATHS = NO;
				CLANG_ANALYZER_NONNULL = YES;
				CLANG_ANALYZER_NUMBER_OBJECT_CONVERSION = YES_AGGRESSIVE;
				CLANG_CXX_LANGUAGE_STANDARD = "gnu++20";
				CLANG_ENABLE_MODULES = YES;
				CLANG_ENABLE_OBJC_ARC = YES;
				CLANG_ENABLE_OBJC_WEAK = YES;
				CLANG_WARN_BLOCK_CAPTURE_AUTORELEASING = YES;
				CLANG_WARN_BOOL_CONVERSION = YES;
				CLANG_WARN_COMMA = YES;
				CLANG_WARN_CONSTANT_CONVERSION = YES;
				CLANG_WARN_DEPRECATED_OBJC_IMPLEMENTATIONS = YES;
				CLANG_WARN_DIRECT_OBJC_ISA_USAGE = YES_ERROR;
				CLANG_WARN_DOCUMENTATION_COMMENTS = YES;
				CLANG_WARN_EMPTY_BODY = YES;
				CLANG_WARN_ENUM_CONVERSION = YES;
				CLANG_WARN_INFINITE_RECURSION = YES;
				CLANG_WARN_INT_CONVERSION = YES;
				CLANG_WARN_NON_LITERAL_NULL_CONVERSION = YES;
				CLANG_WARN_OBJC_IMPLICIT_RETAIN_SELF = YES;
				CLANG_WARN_OBJC_LITERAL_CONVERSION = YES;
				CLANG_WARN_OBJC_ROOT_CLASS = YES_ERROR;
				CLANG_WARN_QUOTED_INCLUDE_IN_FRAMEWORK_HEADER = YES;
				CLANG_WARN_RANGE_LOOP_ANALYSIS = YES;
				CLANG_WARN_STRICT_PROTOTYPES = YES;
				CLANG_WARN_SUSPICIOUS_MOVE = YES;
				CLANG_WARN_UNGUARDED_AVAILABILITY = YES_AGGRESSIVE;
				CLANG_WARN_UNREACHABLE_CODE = YES;
				CLANG_WARN__DUPLICATE_METHOD_MATCH = YES;
				COPY_PHASE_STRIP = NO;
				DEBUG_INFORMATION_FORMAT = "dwarf-with-dsym";
				ENABLE_NS_ASSERTIONS = NO;
				ENABLE_STRICT_OBJC_MSGSEND = YES;
				GCC_C_LANGUAGE_STANDARD = gnu11;
				GCC_NO_COMMON_BLOCKS = YES;
				GCC_WARN_64_TO_32_BIT_CONVERSION = YES;
				GCC_WARN_ABOUT_RETURN_TYPE = YES_ERROR;
				GCC_WARN_UNDECLARED_SELECTOR = YES;
				GCC_WARN_UNINITIALIZED_AUTOS = YES_AGGRESSIVE;
				GCC_WARN_UNUSED_FUNCTION = YES;
				GCC_WARN_UNUSED_VARIABLE = YES;
				MACOSX_DEPLOYMENT_TARGET = 13.3;
				MTL_ENABLE_DEBUG_INFO = NO;
				MTL_FAST_MATH = YES;
				OTHER_LDFLAGS = "-lc++";
				SDKROOT = macosx;
			};
			name = Release;
		};
		DCE634A42A39092B0094B03D /* Debug */ = {
			isa = XCBuildConfiguration;
			buildSettings = {
				CODE_SIGN_STYLE = Automatic;
				DEVELOPMENT_TEAM = 6X2P4HJBQW;
				EXECUTABLE_PREFIX = lib;
				GCC_ENABLE_CPP_EXCEPTIONS = YES;
				GCC_ENABLE_CPP_RTTI = YES;
				PRODUCT_NAME = "$(TARGET_NAME)";
				SKIP_INSTALL = YES;
			};
			name = Debug;
		};
		DCE634A52A39092B0094B03D /* Release */ = {
			isa = XCBuildConfiguration;
			buildSettings = {
				CODE_SIGN_STYLE = Automatic;
				DEVELOPMENT_TEAM = 6X2P4HJBQW;
				EXECUTABLE_PREFIX = lib;
				GCC_ENABLE_CPP_EXCEPTIONS = YES;
				GCC_ENABLE_CPP_RTTI = YES;
				PRODUCT_NAME = "$(TARGET_NAME)";
				SKIP_INSTALL = YES;
			};
			name = Release;
		};
		DCE634D82A390A6C0094B03D /* Debug */ = {
			isa = XCBuildConfiguration;
			buildSettings = {
				CODE_SIGN_STYLE = Automatic;
				DEVELOPMENT_TEAM = 6X2P4HJBQW;
				ENABLE_HARDENED_RUNTIME = YES;
				PRODUCT_NAME = "$(TARGET_NAME)";
				SWIFT_ACTIVE_COMPILATION_CONDITIONS = DEBUG;
				SWIFT_OPTIMIZATION_LEVEL = "-Onone";
				SWIFT_VERSION = 5.0;
			};
			name = Debug;
		};
		DCE634D92A390A6C0094B03D /* Release */ = {
			isa = XCBuildConfiguration;
			buildSettings = {
				CODE_SIGN_STYLE = Automatic;
				DEVELOPMENT_TEAM = 6X2P4HJBQW;
				ENABLE_HARDENED_RUNTIME = YES;
				GCC_PREPROCESSOR_DEFINITIONS = NDEBUG;
				PRODUCT_NAME = "$(TARGET_NAME)";
				SWIFT_COMPILATION_MODE = wholemodule;
				SWIFT_OPTIMIZATION_LEVEL = "-O";
				SWIFT_VERSION = 5.0;
			};
			name = Release;
		};
		DCE634EB2A390AB20094B03D /* Debug */ = {
			isa = XCBuildConfiguration;
			buildSettings = {
				CODE_SIGN_STYLE = Automatic;
				DEVELOPMENT_TEAM = 6X2P4HJBQW;
				ENABLE_HARDENED_RUNTIME = YES;
				PRODUCT_NAME = "$(TARGET_NAME)";
				SWIFT_ACTIVE_COMPILATION_CONDITIONS = DEBUG;
				SWIFT_OPTIMIZATION_LEVEL = "-Onone";
				SWIFT_VERSION = 5.0;
			};
			name = Debug;
		};
		DCE634EC2A390AB20094B03D /* Release */ = {
			isa = XCBuildConfiguration;
			buildSettings = {
				CODE_SIGN_STYLE = Automatic;
				DEVELOPMENT_TEAM = 6X2P4HJBQW;
				ENABLE_HARDENED_RUNTIME = YES;
				PRODUCT_NAME = "$(TARGET_NAME)";
				SWIFT_COMPILATION_MODE = wholemodule;
				SWIFT_OPTIMIZATION_LEVEL = "-O";
				SWIFT_VERSION = 5.0;
			};
			name = Release;
		};
		DCEEE9A82A393F4600291AD8 /* Debug */ = {
			isa = XCBuildConfiguration;
			buildSettings = {
				ASSETCATALOG_COMPILER_APPICON_NAME = AppIcon;
				ASSETCATALOG_COMPILER_GLOBAL_ACCENT_COLOR_NAME = AccentColor;
				CODE_SIGN_ENTITLEMENTS = QueahApp/Queah.entitlements;
				CODE_SIGN_STYLE = Automatic;
				CURRENT_PROJECT_VERSION = 1;
				DEVELOPMENT_ASSET_PATHS = "";
				DEVELOPMENT_TEAM = 6X2P4HJBQW;
				ENABLE_HARDENED_RUNTIME = YES;
				ENABLE_PREVIEWS = YES;
				GENERATE_INFOPLIST_FILE = YES;
				"INFOPLIST_KEY_UIApplicationSceneManifest_Generation[sdk=iphoneos*]" = YES;
				"INFOPLIST_KEY_UIApplicationSceneManifest_Generation[sdk=iphonesimulator*]" = YES;
				"INFOPLIST_KEY_UIApplicationSupportsIndirectInputEvents[sdk=iphoneos*]" = YES;
				"INFOPLIST_KEY_UIApplicationSupportsIndirectInputEvents[sdk=iphonesimulator*]" = YES;
				"INFOPLIST_KEY_UILaunchScreen_Generation[sdk=iphoneos*]" = YES;
				"INFOPLIST_KEY_UILaunchScreen_Generation[sdk=iphonesimulator*]" = YES;
				"INFOPLIST_KEY_UIStatusBarStyle[sdk=iphoneos*]" = UIStatusBarStyleDefault;
				"INFOPLIST_KEY_UIStatusBarStyle[sdk=iphonesimulator*]" = UIStatusBarStyleDefault;
				INFOPLIST_KEY_UISupportedInterfaceOrientations_iPad = "UIInterfaceOrientationPortrait UIInterfaceOrientationPortraitUpsideDown UIInterfaceOrientationLandscapeLeft UIInterfaceOrientationLandscapeRight";
				INFOPLIST_KEY_UISupportedInterfaceOrientations_iPhone = "UIInterfaceOrientationPortrait UIInterfaceOrientationLandscapeLeft UIInterfaceOrientationLandscapeRight";
				IPHONEOS_DEPLOYMENT_TARGET = 16.4;
				LD_RUNPATH_SEARCH_PATHS = "@executable_path/Frameworks";
				"LD_RUNPATH_SEARCH_PATHS[sdk=macosx*]" = "@executable_path/../Frameworks";
				MACOSX_DEPLOYMENT_TARGET = 13.3;
				MARKETING_VERSION = 1.0;
				PRODUCT_BUNDLE_IDENTIFIER = com.stephenbensley.Queah;
				PRODUCT_NAME = "$(TARGET_NAME)";
				SDKROOT = auto;
				SUPPORTED_PLATFORMS = "iphoneos iphonesimulator macosx";
				SWIFT_ACTIVE_COMPILATION_CONDITIONS = DEBUG;
				SWIFT_EMIT_LOC_STRINGS = YES;
				SWIFT_INCLUDE_PATHS = ./QueahApp;
				SWIFT_OPTIMIZATION_LEVEL = "-Onone";
				SWIFT_VERSION = 5.0;
				TARGETED_DEVICE_FAMILY = "1,2";
			};
			name = Debug;
		};
		DCEEE9A92A393F4600291AD8 /* Release */ = {
			isa = XCBuildConfiguration;
			buildSettings = {
				ASSETCATALOG_COMPILER_APPICON_NAME = AppIcon;
				ASSETCATALOG_COMPILER_GLOBAL_ACCENT_COLOR_NAME = AccentColor;
				CODE_SIGN_ENTITLEMENTS = QueahApp/Queah.entitlements;
				CODE_SIGN_STYLE = Automatic;
				CURRENT_PROJECT_VERSION = 1;
				DEVELOPMENT_ASSET_PATHS = "";
				DEVELOPMENT_TEAM = 6X2P4HJBQW;
				ENABLE_HARDENED_RUNTIME = YES;
				ENABLE_PREVIEWS = YES;
				GENERATE_INFOPLIST_FILE = YES;
				"INFOPLIST_KEY_UIApplicationSceneManifest_Generation[sdk=iphoneos*]" = YES;
				"INFOPLIST_KEY_UIApplicationSceneManifest_Generation[sdk=iphonesimulator*]" = YES;
				"INFOPLIST_KEY_UIApplicationSupportsIndirectInputEvents[sdk=iphoneos*]" = YES;
				"INFOPLIST_KEY_UIApplicationSupportsIndirectInputEvents[sdk=iphonesimulator*]" = YES;
				"INFOPLIST_KEY_UILaunchScreen_Generation[sdk=iphoneos*]" = YES;
				"INFOPLIST_KEY_UILaunchScreen_Generation[sdk=iphonesimulator*]" = YES;
				"INFOPLIST_KEY_UIStatusBarStyle[sdk=iphoneos*]" = UIStatusBarStyleDefault;
				"INFOPLIST_KEY_UIStatusBarStyle[sdk=iphonesimulator*]" = UIStatusBarStyleDefault;
				INFOPLIST_KEY_UISupportedInterfaceOrientations_iPad = "UIInterfaceOrientationPortrait UIInterfaceOrientationPortraitUpsideDown UIInterfaceOrientationLandscapeLeft UIInterfaceOrientationLandscapeRight";
				INFOPLIST_KEY_UISupportedInterfaceOrientations_iPhone = "UIInterfaceOrientationPortrait UIInterfaceOrientationLandscapeLeft UIInterfaceOrientationLandscapeRight";
				IPHONEOS_DEPLOYMENT_TARGET = 16.4;
				LD_RUNPATH_SEARCH_PATHS = "@executable_path/Frameworks";
				"LD_RUNPATH_SEARCH_PATHS[sdk=macosx*]" = "@executable_path/../Frameworks";
				MACOSX_DEPLOYMENT_TARGET = 13.3;
				MARKETING_VERSION = 1.0;
				PRODUCT_BUNDLE_IDENTIFIER = com.stephenbensley.Queah;
				PRODUCT_NAME = "$(TARGET_NAME)";
				SDKROOT = auto;
				SUPPORTED_PLATFORMS = "iphoneos iphonesimulator macosx";
				SWIFT_COMPILATION_MODE = wholemodule;
				SWIFT_EMIT_LOC_STRINGS = YES;
				SWIFT_INCLUDE_PATHS = ./QueahApp;
				SWIFT_OPTIMIZATION_LEVEL = "-O";
				SWIFT_VERSION = 5.0;
				TARGETED_DEVICE_FAMILY = "1,2";
			};
			name = Release;
		};
		DCEEE9CC2A3A297800291AD8 /* Debug */ = {
			isa = XCBuildConfiguration;
			buildSettings = {
				CODE_SIGN_STYLE = Automatic;
				DEVELOPMENT_TEAM = 6X2P4HJBQW;
				IPHONEOS_DEPLOYMENT_TARGET = 16.4;
				OTHER_LDFLAGS = "-ObjC";
				PRODUCT_NAME = "$(TARGET_NAME)";
				SDKROOT = iphoneos;
				SKIP_INSTALL = YES;
				TARGETED_DEVICE_FAMILY = "1,2";
			};
			name = Debug;
		};
		DCEEE9CD2A3A297800291AD8 /* Release */ = {
			isa = XCBuildConfiguration;
			buildSettings = {
				CODE_SIGN_STYLE = Automatic;
				DEVELOPMENT_TEAM = 6X2P4HJBQW;
				IPHONEOS_DEPLOYMENT_TARGET = 16.4;
				OTHER_LDFLAGS = "-ObjC";
				PRODUCT_NAME = "$(TARGET_NAME)";
				SDKROOT = iphoneos;
				SKIP_INSTALL = YES;
				TARGETED_DEVICE_FAMILY = "1,2";
				VALIDATE_PRODUCT = YES;
			};
			name = Release;
		};
/* End XCBuildConfiguration section */

/* Begin XCConfigurationList section */
		DCE634932A39092B0094B03D /* Build configuration list for PBXProject "Queah" */ = {
			isa = XCConfigurationList;
			buildConfigurations = (
				DCE634A12A39092B0094B03D /* Debug */,
				DCE634A22A39092B0094B03D /* Release */,
			);
			defaultConfigurationIsVisible = 0;
			defaultConfigurationName = Release;
		};
		DCE634A32A39092B0094B03D /* Build configuration list for PBXNativeTarget "QueahEngine-MacOS" */ = {
			isa = XCConfigurationList;
			buildConfigurations = (
				DCE634A42A39092B0094B03D /* Debug */,
				DCE634A52A39092B0094B03D /* Release */,
			);
			defaultConfigurationIsVisible = 0;
			defaultConfigurationName = Release;
		};
		DCE634D72A390A6C0094B03D /* Build configuration list for PBXNativeTarget "QueahSolver" */ = {
			isa = XCConfigurationList;
			buildConfigurations = (
				DCE634D82A390A6C0094B03D /* Debug */,
				DCE634D92A390A6C0094B03D /* Release */,
			);
			defaultConfigurationIsVisible = 0;
			defaultConfigurationName = Release;
		};
		DCE634EA2A390AB20094B03D /* Build configuration list for PBXNativeTarget "QueahSelfPlay" */ = {
			isa = XCConfigurationList;
			buildConfigurations = (
				DCE634EB2A390AB20094B03D /* Debug */,
				DCE634EC2A390AB20094B03D /* Release */,
			);
			defaultConfigurationIsVisible = 0;
			defaultConfigurationName = Release;
		};
		DCEEE9AA2A393F4600291AD8 /* Build configuration list for PBXNativeTarget "Queah" */ = {
			isa = XCConfigurationList;
			buildConfigurations = (
				DCEEE9A82A393F4600291AD8 /* Debug */,
				DCEEE9A92A393F4600291AD8 /* Release */,
			);
			defaultConfigurationIsVisible = 0;
			defaultConfigurationName = Release;
		};
		DCEEE9CB2A3A297800291AD8 /* Build configuration list for PBXNativeTarget "QueahEngine-iOS" */ = {
			isa = XCConfigurationList;
			buildConfigurations = (
				DCEEE9CC2A3A297800291AD8 /* Debug */,
				DCEEE9CD2A3A297800291AD8 /* Release */,
			);
			defaultConfigurationIsVisible = 0;
			defaultConfigurationName = Release;
		};
/* End XCConfigurationList section */
	};
	rootObject = DCE634902A39092B0094B03D /* Project object */;
}
