// !$*UTF8*$!
{
	archiveVersion = 1;
	classes = {
	};
	objectVersion = 60;
	objects = {

/* Begin PBXBuildFile section */
		DC4A8AD12A3F59D40068924C /* rules.txt in Resources */ = {isa = PBXBuildFile; fileRef = DC4A8AD02A3F59D40068924C /* rules.txt */; };
		DC4A8ADB2A3F59E20068924C /* GameScene.swift in Sources */ = {isa = PBXBuildFile; fileRef = DC4A8AD52A3F59E20068924C /* GameScene.swift */; };
		DC4A8AE72A3F59F70068924C /* QueahApp.swift in Sources */ = {isa = PBXBuildFile; fileRef = DC4A8AE22A3F59F70068924C /* QueahApp.swift */; };
		DC61BC7F2C8B4CC90078130F /* UtiliKit in Frameworks */ = {isa = PBXBuildFile; productRef = DC61BC7E2C8B4CC90078130F /* UtiliKit */; };
		DC61BC822C8B4CDC0078130F /* CheckersKit in Frameworks */ = {isa = PBXBuildFile; productRef = DC61BC812C8B4CDC0078130F /* CheckersKit */; };
		DC73A5742C5AFD39008BBD55 /* queahSolution.data in Resources */ = {isa = PBXBuildFile; fileRef = DC73A5732C5AFD1C008BBD55 /* queahSolution.data */; };
		DC77B7BC2C8A620900D9DF28 /* BoardPositions.swift in Sources */ = {isa = PBXBuildFile; fileRef = DC4A8AD72A3F59E20068924C /* BoardPositions.swift */; };
		DC84DF622A3F5669009368A3 /* Assets.xcassets in Resources */ = {isa = PBXBuildFile; fileRef = DC84DF612A3F5669009368A3 /* Assets.xcassets */; };
		DCA32CCC2C596FB8009DF4A5 /* SolverApp.swift in Sources */ = {isa = PBXBuildFile; fileRef = DCA32CCB2C596FB8009DF4A5 /* SolverApp.swift */; };
		DCA32CCE2C596FB8009DF4A5 /* ContentView.swift in Sources */ = {isa = PBXBuildFile; fileRef = DCA32CCD2C596FB8009DF4A5 /* ContentView.swift */; };
		DCA32CD02C596FB8009DF4A5 /* Assets.xcassets in Resources */ = {isa = PBXBuildFile; fileRef = DCA32CCF2C596FB8009DF4A5 /* Assets.xcassets */; };
		DCA32CEC2C5ADED9009DF4A5 /* PositionEvaluator.swift in Sources */ = {isa = PBXBuildFile; fileRef = DCA32CC32C595FC2009DF4A5 /* PositionEvaluator.swift */; };
		DCA32CED2C5ADED9009DF4A5 /* Solver.swift in Sources */ = {isa = PBXBuildFile; fileRef = DCA32CC12C594ACD009DF4A5 /* Solver.swift */; };
		DCA32CEE2C5ADED9009DF4A5 /* GamePosition.swift in Sources */ = {isa = PBXBuildFile; fileRef = DCA32CBB2C587535009DF4A5 /* GamePosition.swift */; };
		DCA32CF02C5ADED9009DF4A5 /* GameNode.swift in Sources */ = {isa = PBXBuildFile; fileRef = DCA32CBF2C594637009DF4A5 /* GameNode.swift */; };
		DCA32CF12C5ADED9009DF4A5 /* Queah.swift in Sources */ = {isa = PBXBuildFile; fileRef = DCA32CBD2C59283C009DF4A5 /* Queah.swift */; };
		DCA32CF22C5ADED9009DF4A5 /* PlayerPosition.swift in Sources */ = {isa = PBXBuildFile; fileRef = DCA32CB92C5869CD009DF4A5 /* PlayerPosition.swift */; };
		DCA32CF42C5AE44B009DF4A5 /* QueahModel.swift in Sources */ = {isa = PBXBuildFile; fileRef = DC4A8ACC2A3F59C60068924C /* QueahModel.swift */; };
		DCA32CF52C5AE478009DF4A5 /* GamePosition.swift in Sources */ = {isa = PBXBuildFile; fileRef = DCA32CBB2C587535009DF4A5 /* GamePosition.swift */; };
		DCA32CF62C5AE478009DF4A5 /* Queah.swift in Sources */ = {isa = PBXBuildFile; fileRef = DCA32CBD2C59283C009DF4A5 /* Queah.swift */; };
		DCA32CF72C5AE478009DF4A5 /* PlayerPosition.swift in Sources */ = {isa = PBXBuildFile; fileRef = DCA32CB92C5869CD009DF4A5 /* PlayerPosition.swift */; };
		DCA32CF82C5AE478009DF4A5 /* PositionEvaluator.swift in Sources */ = {isa = PBXBuildFile; fileRef = DCA32CC32C595FC2009DF4A5 /* PositionEvaluator.swift */; };
		DCA32CF92C5AE478009DF4A5 /* GameNode.swift in Sources */ = {isa = PBXBuildFile; fileRef = DCA32CBF2C594637009DF4A5 /* GameNode.swift */; };
		DCA32CFA2C5AE478009DF4A5 /* GameModel.swift in Sources */ = {isa = PBXBuildFile; fileRef = DCA32CE02C5A9000009DF4A5 /* GameModel.swift */; };
/* End PBXBuildFile section */

/* Begin PBXFileReference section */
		DC4A8ACC2A3F59C60068924C /* QueahModel.swift */ = {isa = PBXFileReference; fileEncoding = 4; lastKnownFileType = sourcecode.swift; path = QueahModel.swift; sourceTree = "<group>"; };
		DC4A8AD02A3F59D40068924C /* rules.txt */ = {isa = PBXFileReference; fileEncoding = 4; lastKnownFileType = text; path = rules.txt; sourceTree = "<group>"; };
		DC4A8AD52A3F59E20068924C /* GameScene.swift */ = {isa = PBXFileReference; fileEncoding = 4; lastKnownFileType = sourcecode.swift; path = GameScene.swift; sourceTree = "<group>"; };
		DC4A8AD72A3F59E20068924C /* BoardPositions.swift */ = {isa = PBXFileReference; fileEncoding = 4; lastKnownFileType = sourcecode.swift; path = BoardPositions.swift; sourceTree = "<group>"; };
		DC4A8AE22A3F59F70068924C /* QueahApp.swift */ = {isa = PBXFileReference; fileEncoding = 4; lastKnownFileType = sourcecode.swift; path = QueahApp.swift; sourceTree = "<group>"; };
		DC4A8AE82A3F5A0C0068924C /* icon.afdesign */ = {isa = PBXFileReference; lastKnownFileType = file; path = icon.afdesign; sourceTree = "<group>"; };
		DC4A8AE92A3F5A0C0068924C /* artwork.afdesign */ = {isa = PBXFileReference; lastKnownFileType = file; path = artwork.afdesign; sourceTree = "<group>"; };
		DC4A8AEF2A3F5BCE0068924C /* Info.plist */ = {isa = PBXFileReference; lastKnownFileType = text.plist.xml; path = Info.plist; sourceTree = "<group>"; };
		DC73A5732C5AFD1C008BBD55 /* queahSolution.data */ = {isa = PBXFileReference; lastKnownFileType = file; path = queahSolution.data; sourceTree = "<group>"; };
		DC84DF5A2A3F5669009368A3 /* Queah.app */ = {isa = PBXFileReference; explicitFileType = wrapper.application; includeInIndex = 0; path = Queah.app; sourceTree = BUILT_PRODUCTS_DIR; };
		DC84DF612A3F5669009368A3 /* Assets.xcassets */ = {isa = PBXFileReference; lastKnownFileType = folder.assetcatalog; path = Assets.xcassets; sourceTree = "<group>"; };
		DCA32CB92C5869CD009DF4A5 /* PlayerPosition.swift */ = {isa = PBXFileReference; lastKnownFileType = sourcecode.swift; path = PlayerPosition.swift; sourceTree = "<group>"; };
		DCA32CBB2C587535009DF4A5 /* GamePosition.swift */ = {isa = PBXFileReference; lastKnownFileType = sourcecode.swift; path = GamePosition.swift; sourceTree = "<group>"; };
		DCA32CBD2C59283C009DF4A5 /* Queah.swift */ = {isa = PBXFileReference; lastKnownFileType = sourcecode.swift; path = Queah.swift; sourceTree = "<group>"; };
		DCA32CBF2C594637009DF4A5 /* GameNode.swift */ = {isa = PBXFileReference; lastKnownFileType = sourcecode.swift; path = GameNode.swift; sourceTree = "<group>"; };
		DCA32CC12C594ACD009DF4A5 /* Solver.swift */ = {isa = PBXFileReference; lastKnownFileType = sourcecode.swift; path = Solver.swift; sourceTree = "<group>"; };
		DCA32CC32C595FC2009DF4A5 /* PositionEvaluator.swift */ = {isa = PBXFileReference; lastKnownFileType = sourcecode.swift; path = PositionEvaluator.swift; sourceTree = "<group>"; };
		DCA32CC92C596FB8009DF4A5 /* Queah Solver.app */ = {isa = PBXFileReference; explicitFileType = wrapper.application; includeInIndex = 0; path = "Queah Solver.app"; sourceTree = BUILT_PRODUCTS_DIR; };
		DCA32CCB2C596FB8009DF4A5 /* SolverApp.swift */ = {isa = PBXFileReference; lastKnownFileType = sourcecode.swift; path = SolverApp.swift; sourceTree = "<group>"; };
		DCA32CCD2C596FB8009DF4A5 /* ContentView.swift */ = {isa = PBXFileReference; lastKnownFileType = sourcecode.swift; path = ContentView.swift; sourceTree = "<group>"; };
		DCA32CCF2C596FB8009DF4A5 /* Assets.xcassets */ = {isa = PBXFileReference; lastKnownFileType = folder.assetcatalog; path = Assets.xcassets; sourceTree = "<group>"; };
		DCA32CD42C596FB8009DF4A5 /* Solver.entitlements */ = {isa = PBXFileReference; lastKnownFileType = text.plist.entitlements; path = Solver.entitlements; sourceTree = "<group>"; };
		DCA32CE02C5A9000009DF4A5 /* GameModel.swift */ = {isa = PBXFileReference; lastKnownFileType = sourcecode.swift; path = GameModel.swift; sourceTree = "<group>"; };
/* End PBXFileReference section */

/* Begin PBXFrameworksBuildPhase section */
		DC84DF572A3F5669009368A3 /* Frameworks */ = {
			isa = PBXFrameworksBuildPhase;
			buildActionMask = 2147483647;
			files = (
				DC61BC7F2C8B4CC90078130F /* UtiliKit in Frameworks */,
				DC61BC822C8B4CDC0078130F /* CheckersKit in Frameworks */,
			);
			runOnlyForDeploymentPostprocessing = 0;
		};
		DCA32CC62C596FB8009DF4A5 /* Frameworks */ = {
			isa = PBXFrameworksBuildPhase;
			buildActionMask = 2147483647;
			files = (
			);
			runOnlyForDeploymentPostprocessing = 0;
		};
/* End PBXFrameworksBuildPhase section */

/* Begin PBXGroup section */
		DC0AC49A2A3F58350028B4EE /* Frameworks */ = {
			isa = PBXGroup;
			children = (
			);
			name = Frameworks;
			sourceTree = "<group>";
		};
		DC77B7B32C8A5D7400D9DF28 /* Resources */ = {
			isa = PBXGroup;
			children = (
				DC4A8AE92A3F5A0C0068924C /* artwork.afdesign */,
				DC4A8AE82A3F5A0C0068924C /* icon.afdesign */,
				DC73A5732C5AFD1C008BBD55 /* queahSolution.data */,
				DC4A8AD02A3F59D40068924C /* rules.txt */,
			);
			path = Resources;
			sourceTree = "<group>";
		};
		DC84DF512A3F5669009368A3 = {
			isa = PBXGroup;
			children = (
				DCA32CB82C586989009DF4A5 /* Core */,
				DC0AC49A2A3F58350028B4EE /* Frameworks */,
				DC84DF5B2A3F5669009368A3 /* Products */,
				DC84DF5C2A3F5669009368A3 /* Queah */,
				DCA32CCA2C596FB8009DF4A5 /* QueahSolver */,
				DC77B7B32C8A5D7400D9DF28 /* Resources */,
			);
			sourceTree = "<group>";
		};
		DC84DF5B2A3F5669009368A3 /* Products */ = {
			isa = PBXGroup;
			children = (
				DC84DF5A2A3F5669009368A3 /* Queah.app */,
				DCA32CC92C596FB8009DF4A5 /* Queah Solver.app */,
			);
			name = Products;
			sourceTree = "<group>";
		};
		DC84DF5C2A3F5669009368A3 /* Queah */ = {
			isa = PBXGroup;
			children = (
				DC84DF612A3F5669009368A3 /* Assets.xcassets */,
				DC4A8AD72A3F59E20068924C /* BoardPositions.swift */,
				DC4A8AD52A3F59E20068924C /* GameScene.swift */,
				DC4A8AEF2A3F5BCE0068924C /* Info.plist */,
				DC4A8AE22A3F59F70068924C /* QueahApp.swift */,
				DC4A8ACC2A3F59C60068924C /* QueahModel.swift */,
			);
			path = Queah;
			sourceTree = "<group>";
		};
		DCA32CB82C586989009DF4A5 /* Core */ = {
			isa = PBXGroup;
			children = (
				DCA32CE02C5A9000009DF4A5 /* GameModel.swift */,
				DCA32CBF2C594637009DF4A5 /* GameNode.swift */,
				DCA32CBB2C587535009DF4A5 /* GamePosition.swift */,
				DCA32CB92C5869CD009DF4A5 /* PlayerPosition.swift */,
				DCA32CC32C595FC2009DF4A5 /* PositionEvaluator.swift */,
				DCA32CBD2C59283C009DF4A5 /* Queah.swift */,
				DCA32CC12C594ACD009DF4A5 /* Solver.swift */,
			);
			path = Core;
			sourceTree = "<group>";
		};
		DCA32CCA2C596FB8009DF4A5 /* QueahSolver */ = {
			isa = PBXGroup;
			children = (
				DCA32CCF2C596FB8009DF4A5 /* Assets.xcassets */,
				DCA32CCD2C596FB8009DF4A5 /* ContentView.swift */,
				DCA32CD42C596FB8009DF4A5 /* Solver.entitlements */,
				DCA32CCB2C596FB8009DF4A5 /* SolverApp.swift */,
			);
			path = QueahSolver;
			sourceTree = "<group>";
		};
/* End PBXGroup section */

/* Begin PBXNativeTarget section */
		DC84DF592A3F5669009368A3 /* Queah */ = {
			isa = PBXNativeTarget;
			buildConfigurationList = DC84DF682A3F5669009368A3 /* Build configuration list for PBXNativeTarget "Queah" */;
			buildPhases = (
				DC84DF562A3F5669009368A3 /* Sources */,
				DC84DF572A3F5669009368A3 /* Frameworks */,
				DC84DF582A3F5669009368A3 /* Resources */,
			);
			buildRules = (
			);
			dependencies = (
			);
			name = Queah;
			packageProductDependencies = (
				DC61BC7E2C8B4CC90078130F /* UtiliKit */,
				DC61BC812C8B4CDC0078130F /* CheckersKit */,
			);
			productName = Queah;
			productReference = DC84DF5A2A3F5669009368A3 /* Queah.app */;
			productType = "com.apple.product-type.application";
		};
		DCA32CC82C596FB8009DF4A5 /* QueahSolver */ = {
			isa = PBXNativeTarget;
			buildConfigurationList = DCA32CD52C596FB8009DF4A5 /* Build configuration list for PBXNativeTarget "QueahSolver" */;
			buildPhases = (
				DCA32CC52C596FB8009DF4A5 /* Sources */,
				DCA32CC62C596FB8009DF4A5 /* Frameworks */,
				DCA32CC72C596FB8009DF4A5 /* Resources */,
			);
			buildRules = (
			);
			dependencies = (
			);
			name = QueahSolver;
			packageProductDependencies = (
			);
			productName = Solver;
			productReference = DCA32CC92C596FB8009DF4A5 /* Queah Solver.app */;
			productType = "com.apple.product-type.application";
		};
/* End PBXNativeTarget section */

/* Begin PBXProject section */
		DC84DF522A3F5669009368A3 /* Project object */ = {
			isa = PBXProject;
			attributes = {
				BuildIndependentTargetsInParallel = 1;
				LastSwiftUpdateCheck = 1540;
				LastUpgradeCheck = 1540;
				TargetAttributes = {
					DC84DF592A3F5669009368A3 = {
						CreatedOnToolsVersion = 14.3.1;
					};
					DCA32CC82C596FB8009DF4A5 = {
						CreatedOnToolsVersion = 15.4;
					};
				};
			};
			buildConfigurationList = DC84DF552A3F5669009368A3 /* Build configuration list for PBXProject "Queah" */;
			compatibilityVersion = "Xcode 14.0";
			developmentRegion = en;
			hasScannedForEncodings = 0;
			knownRegions = (
				en,
				Base,
			);
			mainGroup = DC84DF512A3F5669009368A3;
			packageReferences = (
				DC61BC7D2C8B4CC90078130F /* XCLocalSwiftPackageReference "../UtiliKit" */,
				DC61BC802C8B4CDC0078130F /* XCLocalSwiftPackageReference "../CheckersKit" */,
			);
			productRefGroup = DC84DF5B2A3F5669009368A3 /* Products */;
			projectDirPath = "";
			projectRoot = "";
			targets = (
				DC84DF592A3F5669009368A3 /* Queah */,
				DCA32CC82C596FB8009DF4A5 /* QueahSolver */,
			);
		};
/* End PBXProject section */

/* Begin PBXResourcesBuildPhase section */
		DC84DF582A3F5669009368A3 /* Resources */ = {
			isa = PBXResourcesBuildPhase;
			buildActionMask = 2147483647;
			files = (
				DC73A5742C5AFD39008BBD55 /* queahSolution.data in Resources */,
				DC4A8AD12A3F59D40068924C /* rules.txt in Resources */,
				DC84DF622A3F5669009368A3 /* Assets.xcassets in Resources */,
			);
			runOnlyForDeploymentPostprocessing = 0;
		};
		DCA32CC72C596FB8009DF4A5 /* Resources */ = {
			isa = PBXResourcesBuildPhase;
			buildActionMask = 2147483647;
			files = (
				DCA32CD02C596FB8009DF4A5 /* Assets.xcassets in Resources */,
			);
			runOnlyForDeploymentPostprocessing = 0;
		};
/* End PBXResourcesBuildPhase section */

/* Begin PBXSourcesBuildPhase section */
		DC84DF562A3F5669009368A3 /* Sources */ = {
			isa = PBXSourcesBuildPhase;
			buildActionMask = 2147483647;
			files = (
				DC4A8ADB2A3F59E20068924C /* GameScene.swift in Sources */,
				DC4A8AE72A3F59F70068924C /* QueahApp.swift in Sources */,
				DCA32CF42C5AE44B009DF4A5 /* QueahModel.swift in Sources */,
				DCA32CF52C5AE478009DF4A5 /* GamePosition.swift in Sources */,
				DCA32CF62C5AE478009DF4A5 /* Queah.swift in Sources */,
				DCA32CF72C5AE478009DF4A5 /* PlayerPosition.swift in Sources */,
				DCA32CF82C5AE478009DF4A5 /* PositionEvaluator.swift in Sources */,
				DCA32CF92C5AE478009DF4A5 /* GameNode.swift in Sources */,
				DCA32CFA2C5AE478009DF4A5 /* GameModel.swift in Sources */,
				DC77B7BC2C8A620900D9DF28 /* BoardPositions.swift in Sources */,
			);
			runOnlyForDeploymentPostprocessing = 0;
		};
		DCA32CC52C596FB8009DF4A5 /* Sources */ = {
			isa = PBXSourcesBuildPhase;
			buildActionMask = 2147483647;
			files = (
				DCA32CCE2C596FB8009DF4A5 /* ContentView.swift in Sources */,
				DCA32CCC2C596FB8009DF4A5 /* SolverApp.swift in Sources */,
				DCA32CEC2C5ADED9009DF4A5 /* PositionEvaluator.swift in Sources */,
				DCA32CED2C5ADED9009DF4A5 /* Solver.swift in Sources */,
				DCA32CEE2C5ADED9009DF4A5 /* GamePosition.swift in Sources */,
				DCA32CF02C5ADED9009DF4A5 /* GameNode.swift in Sources */,
				DCA32CF12C5ADED9009DF4A5 /* Queah.swift in Sources */,
				DCA32CF22C5ADED9009DF4A5 /* PlayerPosition.swift in Sources */,
			);
			runOnlyForDeploymentPostprocessing = 0;
		};
/* End PBXSourcesBuildPhase section */

/* Begin XCBuildConfiguration section */
		DC84DF662A3F5669009368A3 /* Debug */ = {
			isa = XCBuildConfiguration;
			buildSettings = {
				ALWAYS_SEARCH_USER_PATHS = NO;
				CLANG_ANALYZER_NONNULL = YES;
				CLANG_ANALYZER_NUMBER_OBJECT_CONVERSION = YES_AGGRESSIVE;
				CLANG_CXX_LANGUAGE_STANDARD = "gnu++20";
				CLANG_ENABLE_MODULES = YES;
				CLANG_ENABLE_OBJC_ARC = YES;
				CLANG_ENABLE_OBJC_WEAK = YES;
				CLANG_WARN_BLOCK_CAPTURE_AUTORELEASING = YES;
				CLANG_WARN_BOOL_CONVERSION = YES;
				CLANG_WARN_COMMA = YES;
				CLANG_WARN_CONSTANT_CONVERSION = YES;
				CLANG_WARN_DEPRECATED_OBJC_IMPLEMENTATIONS = YES;
				CLANG_WARN_DIRECT_OBJC_ISA_USAGE = YES_ERROR;
				CLANG_WARN_DOCUMENTATION_COMMENTS = YES;
				CLANG_WARN_EMPTY_BODY = YES;
				CLANG_WARN_ENUM_CONVERSION = YES;
				CLANG_WARN_INFINITE_RECURSION = YES;
				CLANG_WARN_INT_CONVERSION = YES;
				CLANG_WARN_NON_LITERAL_NULL_CONVERSION = YES;
				CLANG_WARN_OBJC_IMPLICIT_RETAIN_SELF = YES;
				CLANG_WARN_OBJC_LITERAL_CONVERSION = YES;
				CLANG_WARN_OBJC_ROOT_CLASS = YES_ERROR;
				CLANG_WARN_QUOTED_INCLUDE_IN_FRAMEWORK_HEADER = YES;
				CLANG_WARN_RANGE_LOOP_ANALYSIS = YES;
				CLANG_WARN_STRICT_PROTOTYPES = YES;
				CLANG_WARN_SUSPICIOUS_MOVE = YES;
				CLANG_WARN_UNGUARDED_AVAILABILITY = YES_AGGRESSIVE;
				CLANG_WARN_UNREACHABLE_CODE = YES;
				CLANG_WARN__DUPLICATE_METHOD_MATCH = YES;
				COPY_PHASE_STRIP = NO;
				DEBUG_INFORMATION_FORMAT = dwarf;
				ENABLE_STRICT_OBJC_MSGSEND = YES;
				ENABLE_TESTABILITY = YES;
				GCC_C_LANGUAGE_STANDARD = gnu11;
				GCC_DYNAMIC_NO_PIC = NO;
				GCC_NO_COMMON_BLOCKS = YES;
				GCC_OPTIMIZATION_LEVEL = 0;
				GCC_PREPROCESSOR_DEFINITIONS = (
					"DEBUG=1",
					"$(inherited)",
				);
				GCC_WARN_64_TO_32_BIT_CONVERSION = YES;
				GCC_WARN_ABOUT_RETURN_TYPE = YES_ERROR;
				GCC_WARN_UNDECLARED_SELECTOR = YES;
				GCC_WARN_UNINITIALIZED_AUTOS = YES_AGGRESSIVE;
				GCC_WARN_UNUSED_FUNCTION = YES;
				GCC_WARN_UNUSED_VARIABLE = YES;
				IPHONEOS_DEPLOYMENT_TARGET = 17.5;
				MTL_ENABLE_DEBUG_INFO = INCLUDE_SOURCE;
				MTL_FAST_MATH = YES;
				ONLY_ACTIVE_ARCH = YES;
				OTHER_LDFLAGS = "-lc++";
				SDKROOT = iphoneos;
				SWIFT_ACTIVE_COMPILATION_CONDITIONS = DEBUG;
				SWIFT_OPTIMIZATION_LEVEL = "-Onone";
			};
			name = Debug;
		};
		DC84DF672A3F5669009368A3 /* Release */ = {
			isa = XCBuildConfiguration;
			buildSettings = {
				ALWAYS_SEARCH_USER_PATHS = NO;
				CLANG_ANALYZER_NONNULL = YES;
				CLANG_ANALYZER_NUMBER_OBJECT_CONVERSION = YES_AGGRESSIVE;
				CLANG_CXX_LANGUAGE_STANDARD = "gnu++20";
				CLANG_ENABLE_MODULES = YES;
				CLANG_ENABLE_OBJC_ARC = YES;
				CLANG_ENABLE_OBJC_WEAK = YES;
				CLANG_WARN_BLOCK_CAPTURE_AUTORELEASING = YES;
				CLANG_WARN_BOOL_CONVERSION = YES;
				CLANG_WARN_COMMA = YES;
				CLANG_WARN_CONSTANT_CONVERSION = YES;
				CLANG_WARN_DEPRECATED_OBJC_IMPLEMENTATIONS = YES;
				CLANG_WARN_DIRECT_OBJC_ISA_USAGE = YES_ERROR;
				CLANG_WARN_DOCUMENTATION_COMMENTS = YES;
				CLANG_WARN_EMPTY_BODY = YES;
				CLANG_WARN_ENUM_CONVERSION = YES;
				CLANG_WARN_INFINITE_RECURSION = YES;
				CLANG_WARN_INT_CONVERSION = YES;
				CLANG_WARN_NON_LITERAL_NULL_CONVERSION = YES;
				CLANG_WARN_OBJC_IMPLICIT_RETAIN_SELF = YES;
				CLANG_WARN_OBJC_LITERAL_CONVERSION = YES;
				CLANG_WARN_OBJC_ROOT_CLASS = YES_ERROR;
				CLANG_WARN_QUOTED_INCLUDE_IN_FRAMEWORK_HEADER = YES;
				CLANG_WARN_RANGE_LOOP_ANALYSIS = YES;
				CLANG_WARN_STRICT_PROTOTYPES = YES;
				CLANG_WARN_SUSPICIOUS_MOVE = YES;
				CLANG_WARN_UNGUARDED_AVAILABILITY = YES_AGGRESSIVE;
				CLANG_WARN_UNREACHABLE_CODE = YES;
				CLANG_WARN__DUPLICATE_METHOD_MATCH = YES;
				COPY_PHASE_STRIP = NO;
				DEBUG_INFORMATION_FORMAT = "dwarf-with-dsym";
				ENABLE_NS_ASSERTIONS = NO;
				ENABLE_STRICT_OBJC_MSGSEND = YES;
				GCC_C_LANGUAGE_STANDARD = gnu11;
				GCC_NO_COMMON_BLOCKS = YES;
				GCC_WARN_64_TO_32_BIT_CONVERSION = YES;
				GCC_WARN_ABOUT_RETURN_TYPE = YES_ERROR;
				GCC_WARN_UNDECLARED_SELECTOR = YES;
				GCC_WARN_UNINITIALIZED_AUTOS = YES_AGGRESSIVE;
				GCC_WARN_UNUSED_FUNCTION = YES;
				GCC_WARN_UNUSED_VARIABLE = YES;
				IPHONEOS_DEPLOYMENT_TARGET = 17.5;
				MTL_ENABLE_DEBUG_INFO = NO;
				MTL_FAST_MATH = YES;
				OTHER_LDFLAGS = "-lc++";
				SDKROOT = iphoneos;
				SWIFT_COMPILATION_MODE = wholemodule;
				SWIFT_OPTIMIZATION_LEVEL = "-O";
				VALIDATE_PRODUCT = YES;
			};
			name = Release;
		};
		DC84DF692A3F5669009368A3 /* Debug */ = {
			isa = XCBuildConfiguration;
			buildSettings = {
				ASSETCATALOG_COMPILER_APPICON_NAME = AppIcon;
				ASSETCATALOG_COMPILER_GLOBAL_ACCENT_COLOR_NAME = AccentColor;
				CODE_SIGN_STYLE = Automatic;
				CURRENT_PROJECT_VERSION = 6;
				DEVELOPMENT_ASSET_PATHS = "";
				DEVELOPMENT_TEAM = 6X2P4HJBQW;
				ENABLE_PREVIEWS = YES;
				GENERATE_INFOPLIST_FILE = YES;
				INFOPLIST_FILE = Queah/Info.plist;
				INFOPLIST_KEY_CFBundleDisplayName = Queah;
				INFOPLIST_KEY_LSApplicationCategoryType = "public.app-category.board-games";
				INFOPLIST_KEY_UIApplicationSceneManifest_Generation = YES;
				INFOPLIST_KEY_UIApplicationSupportsIndirectInputEvents = YES;
				INFOPLIST_KEY_UISupportedInterfaceOrientations = UIInterfaceOrientationPortrait;
				INFOPLIST_KEY_UISupportedInterfaceOrientations_iPad = "UIInterfaceOrientationLandscapeLeft UIInterfaceOrientationLandscapeRight UIInterfaceOrientationPortrait UIInterfaceOrientationPortraitUpsideDown";
				LD_RUNPATH_SEARCH_PATHS = (
					"$(inherited)",
					"@executable_path/Frameworks",
				);
				MARKETING_VERSION = 2.1.0;
				PRODUCT_BUNDLE_IDENTIFIER = com.stephenbensley.Queah;
				PRODUCT_NAME = "$(TARGET_NAME)";
				SWIFT_EMIT_LOC_STRINGS = YES;
				SWIFT_INCLUDE_PATHS = ./QueahApp;
				SWIFT_VERSION = 5.0;
				TARGETED_DEVICE_FAMILY = "1,2";
			};
			name = Debug;
		};
		DC84DF6A2A3F5669009368A3 /* Release */ = {
			isa = XCBuildConfiguration;
			buildSettings = {
				ASSETCATALOG_COMPILER_APPICON_NAME = AppIcon;
				ASSETCATALOG_COMPILER_GLOBAL_ACCENT_COLOR_NAME = AccentColor;
				CODE_SIGN_STYLE = Automatic;
				CURRENT_PROJECT_VERSION = 6;
				DEVELOPMENT_ASSET_PATHS = "";
				DEVELOPMENT_TEAM = 6X2P4HJBQW;
				ENABLE_PREVIEWS = YES;
				GENERATE_INFOPLIST_FILE = YES;
				INFOPLIST_FILE = Queah/Info.plist;
				INFOPLIST_KEY_CFBundleDisplayName = Queah;
				INFOPLIST_KEY_LSApplicationCategoryType = "public.app-category.board-games";
				INFOPLIST_KEY_UIApplicationSceneManifest_Generation = YES;
				INFOPLIST_KEY_UIApplicationSupportsIndirectInputEvents = YES;
				INFOPLIST_KEY_UISupportedInterfaceOrientations = UIInterfaceOrientationPortrait;
				INFOPLIST_KEY_UISupportedInterfaceOrientations_iPad = "UIInterfaceOrientationLandscapeLeft UIInterfaceOrientationLandscapeRight UIInterfaceOrientationPortrait UIInterfaceOrientationPortraitUpsideDown";
				LD_RUNPATH_SEARCH_PATHS = (
					"$(inherited)",
					"@executable_path/Frameworks",
				);
				MARKETING_VERSION = 2.1.0;
				PRODUCT_BUNDLE_IDENTIFIER = com.stephenbensley.Queah;
				PRODUCT_NAME = "$(TARGET_NAME)";
				SWIFT_EMIT_LOC_STRINGS = YES;
				SWIFT_INCLUDE_PATHS = ./QueahApp;
				SWIFT_VERSION = 5.0;
				TARGETED_DEVICE_FAMILY = "1,2";
			};
			name = Release;
		};
		DCA32CD62C596FB8009DF4A5 /* Debug */ = {
			isa = XCBuildConfiguration;
			buildSettings = {
				ASSETCATALOG_COMPILER_APPICON_NAME = AppIcon;
				ASSETCATALOG_COMPILER_GENERATE_SWIFT_ASSET_SYMBOL_EXTENSIONS = YES;
				ASSETCATALOG_COMPILER_GLOBAL_ACCENT_COLOR_NAME = AccentColor;
				CODE_SIGN_ENTITLEMENTS = QueahSolver/Solver.entitlements;
				CODE_SIGN_STYLE = Automatic;
				COMBINE_HIDPI_IMAGES = YES;
				CURRENT_PROJECT_VERSION = 1;
				DEVELOPMENT_ASSET_PATHS = "";
				DEVELOPMENT_TEAM = 6X2P4HJBQW;
				ENABLE_HARDENED_RUNTIME = YES;
				ENABLE_PREVIEWS = YES;
				ENABLE_USER_SCRIPT_SANDBOXING = YES;
				GCC_C_LANGUAGE_STANDARD = gnu17;
				GENERATE_INFOPLIST_FILE = YES;
				INFOPLIST_KEY_LSApplicationCategoryType = "public.app-category.games";
				INFOPLIST_KEY_NSHumanReadableCopyright = "";
				LD_RUNPATH_SEARCH_PATHS = (
					"$(inherited)",
					"@executable_path/../Frameworks",
				);
				LOCALIZATION_PREFERS_STRING_CATALOGS = YES;
				MACOSX_DEPLOYMENT_TARGET = 14.5;
				MARKETING_VERSION = 1.0;
				PRODUCT_BUNDLE_IDENTIFIER = com.stephenbensley.QueahSolver;
				PRODUCT_NAME = "Queah Solver";
				SDKROOT = macosx;
				SWIFT_ACTIVE_COMPILATION_CONDITIONS = "DEBUG $(inherited)";
				SWIFT_EMIT_LOC_STRINGS = YES;
				SWIFT_VERSION = 5.0;
			};
			name = Debug;
		};
		DCA32CD72C596FB8009DF4A5 /* Release */ = {
			isa = XCBuildConfiguration;
			buildSettings = {
				ASSETCATALOG_COMPILER_APPICON_NAME = AppIcon;
				ASSETCATALOG_COMPILER_GENERATE_SWIFT_ASSET_SYMBOL_EXTENSIONS = YES;
				ASSETCATALOG_COMPILER_GLOBAL_ACCENT_COLOR_NAME = AccentColor;
				CODE_SIGN_ENTITLEMENTS = QueahSolver/Solver.entitlements;
				CODE_SIGN_STYLE = Automatic;
				COMBINE_HIDPI_IMAGES = YES;
				CURRENT_PROJECT_VERSION = 1;
				DEVELOPMENT_ASSET_PATHS = "";
				DEVELOPMENT_TEAM = 6X2P4HJBQW;
				ENABLE_HARDENED_RUNTIME = YES;
				ENABLE_PREVIEWS = YES;
				ENABLE_USER_SCRIPT_SANDBOXING = YES;
				GCC_C_LANGUAGE_STANDARD = gnu17;
				GENERATE_INFOPLIST_FILE = YES;
				INFOPLIST_KEY_LSApplicationCategoryType = "public.app-category.games";
				INFOPLIST_KEY_NSHumanReadableCopyright = "";
				LD_RUNPATH_SEARCH_PATHS = (
					"$(inherited)",
					"@executable_path/../Frameworks",
				);
				LOCALIZATION_PREFERS_STRING_CATALOGS = YES;
				MACOSX_DEPLOYMENT_TARGET = 14.5;
				MARKETING_VERSION = 1.0;
				PRODUCT_BUNDLE_IDENTIFIER = com.stephenbensley.QueahSolver;
				PRODUCT_NAME = "Queah Solver";
				SDKROOT = macosx;
				SWIFT_EMIT_LOC_STRINGS = YES;
				SWIFT_VERSION = 5.0;
			};
			name = Release;
		};
/* End XCBuildConfiguration section */

/* Begin XCConfigurationList section */
		DC84DF552A3F5669009368A3 /* Build configuration list for PBXProject "Queah" */ = {
			isa = XCConfigurationList;
			buildConfigurations = (
				DC84DF662A3F5669009368A3 /* Debug */,
				DC84DF672A3F5669009368A3 /* Release */,
			);
			defaultConfigurationIsVisible = 0;
			defaultConfigurationName = Release;
		};
		DC84DF682A3F5669009368A3 /* Build configuration list for PBXNativeTarget "Queah" */ = {
			isa = XCConfigurationList;
			buildConfigurations = (
				DC84DF692A3F5669009368A3 /* Debug */,
				DC84DF6A2A3F5669009368A3 /* Release */,
			);
			defaultConfigurationIsVisible = 0;
			defaultConfigurationName = Release;
		};
		DCA32CD52C596FB8009DF4A5 /* Build configuration list for PBXNativeTarget "QueahSolver" */ = {
			isa = XCConfigurationList;
			buildConfigurations = (
				DCA32CD62C596FB8009DF4A5 /* Debug */,
				DCA32CD72C596FB8009DF4A5 /* Release */,
			);
			defaultConfigurationIsVisible = 0;
			defaultConfigurationName = Release;
		};
/* End XCConfigurationList section */

/* Begin XCLocalSwiftPackageReference section */
		DC61BC7D2C8B4CC90078130F /* XCLocalSwiftPackageReference "../UtiliKit" */ = {
			isa = XCLocalSwiftPackageReference;
			relativePath = ../UtiliKit;
		};
		DC61BC802C8B4CDC0078130F /* XCLocalSwiftPackageReference "../CheckersKit" */ = {
			isa = XCLocalSwiftPackageReference;
			relativePath = ../CheckersKit;
		};
/* End XCLocalSwiftPackageReference section */

/* Begin XCSwiftPackageProductDependency section */
		DC61BC7E2C8B4CC90078130F /* UtiliKit */ = {
			isa = XCSwiftPackageProductDependency;
			productName = UtiliKit;
		};
		DC61BC812C8B4CDC0078130F /* CheckersKit */ = {
			isa = XCSwiftPackageProductDependency;
			productName = CheckersKit;
		};
/* End XCSwiftPackageProductDependency section */
	};
	rootObject = DC84DF522A3F5669009368A3 /* Project object */;
}
